
Microsoft Visual Studio Solution File, Format Version 12.00
# Visual Studio Version 17
VisualStudioVersion = 17.6.33829.357
MinimumVisualStudioVersion = 10.0.40219.1
Project("{9A19103F-16F7-4668-BE54-9A1E7A4F7556}") = "QLBanHangLibrary", "ClassLibrary1\QLBanHangLibrary.csproj", "{FC1AFB64-4278-40EC-BB59-575847842F26}"
EndProject
Project("{FAE04EC0-301F-11D3-BF4B-00C04F79EFBC}") = "QLBanHangApp", "QLBanHangApp\QLBanHangApp.csproj", "{000838F4-BD9E-4F96-BBDD-C20D1F194C0B}"
EndProject
Global
	GlobalSection(SolutionConfigurationPlatforms) = preSolution
		Debug|Any CPU = Debug|Any CPU
		Release|Any CPU = Release|Any CPU
	EndGlobalSection
	GlobalSection(ProjectConfigurationPlatforms) = postSolution
		{FC1AFB64-4278-40EC-BB59-575847842F26}.Debug|Any CPU.ActiveCfg = Debug|Any CPU
		{FC1AFB64-4278-40EC-BB59-575847842F26}.Debug|Any CPU.Build.0 = Debug|Any CPU
		{FC1AFB64-4278-40EC-BB59-575847842F26}.Release|Any CPU.ActiveCfg = Release|Any CPU
		{FC1AFB64-4278-40EC-BB59-575847842F26}.Release|Any CPU.Build.0 = Release|Any CPU
		{000838F4-BD9E-4F96-BBDD-C20D1F194C0B}.Debug|Any CPU.ActiveCfg = Debug|Any CPU
		{000838F4-BD9E-4F96-BBDD-C20D1F194C0B}.Debug|Any CPU.Build.0 = Debug|Any CPU
		{000838F4-BD9E-4F96-BBDD-C20D1F194C0B}.Release|Any CPU.ActiveCfg = Release|Any CPU
		{000838F4-BD9E-4F96-BBDD-C20D1F194C0B}.Release|Any CPU.Build.0 = Release|Any CPU
	EndGlobalSection
	GlobalSection(SolutionProperties) = preSolution
		HideSolutionNode = FALSE
	EndGlobalSection
	GlobalSection(ExtensibilityGlobals) = postSolution
		SolutionGuid = {FF5B6ABE-38EF-45A5-B952-EC350327BEF1}
	EndGlobalSection
EndGlobal
